
Microsoft Visual Studio Solution File, Format Version 12.00
# Visual Studio Version 17
VisualStudioVersion = 17.3.32811.315
MinimumVisualStudioVersion = 10.0.40219.1
Project("{FAE04EC0-301F-11D3-BF4B-00C04F79EFBC}") = "modelviewcontrollerdemo", "modelviewcontrollerdemo\modelviewcontrollerdemo.csproj", "{8E743636-8968-443D-95F0-F980BFABD761}"
EndProject
Global
	GlobalSection(SolutionConfigurationPlatforms) = preSolution
		Debug|Any CPU = Debug|Any CPU
		Release|Any CPU = Release|Any CPU
	EndGlobalSection
	GlobalSection(ProjectConfigurationPlatforms) = postSolution
		{8E743636-8968-443D-95F0-F980BFABD761}.Debug|Any CPU.ActiveCfg = Debug|Any CPU
		{8E743636-8968-443D-95F0-F980BFABD761}.Debug|Any CPU.Build.0 = Debug|Any CPU
		{8E743636-8968-443D-95F0-F980BFABD761}.Release|Any CPU.ActiveCfg = Release|Any CPU
		{8E743636-8968-443D-95F0-F980BFABD761}.Release|Any CPU.Build.0 = Release|Any CPU
	EndGlobalSection
	GlobalSection(SolutionProperties) = preSolution
		HideSolutionNode = FALSE
	EndGlobalSection
	GlobalSection(ExtensibilityGlobals) = postSolution
		SolutionGuid = {20CA6A6E-1AB3-4B60-8D54-97B3F8BA3546}
	EndGlobalSection
EndGlobal
