
Microsoft Visual Studio Solution File, Format Version 12.00
# Visual Studio Version 17
VisualStudioVersion = 17.3.32811.315
MinimumVisualStudioVersion = 10.0.40219.1
Project("{FAE04EC0-301F-11D3-BF4B-00C04F79EFBC}") = "updationofLocalbusiness", "updationofLocalbusiness\updationofLocalbusiness.csproj", "{360C4317-C205-40FB-842E-E16F3D9EF924}"
EndProject
Global
	GlobalSection(SolutionConfigurationPlatforms) = preSolution
		Debug|Any CPU = Debug|Any CPU
		Release|Any CPU = Release|Any CPU
	EndGlobalSection
	GlobalSection(ProjectConfigurationPlatforms) = postSolution
		{360C4317-C205-40FB-842E-E16F3D9EF924}.Debug|Any CPU.ActiveCfg = Debug|Any CPU
		{360C4317-C205-40FB-842E-E16F3D9EF924}.Debug|Any CPU.Build.0 = Debug|Any CPU
		{360C4317-C205-40FB-842E-E16F3D9EF924}.Release|Any CPU.ActiveCfg = Release|Any CPU
		{360C4317-C205-40FB-842E-E16F3D9EF924}.Release|Any CPU.Build.0 = Release|Any CPU
	EndGlobalSection
	GlobalSection(SolutionProperties) = preSolution
		HideSolutionNode = FALSE
	EndGlobalSection
	GlobalSection(ExtensibilityGlobals) = postSolution
		SolutionGuid = {66C9DB3F-CA32-49FC-8DC2-D6A4B5216025}
	EndGlobalSection
EndGlobal
