
Microsoft Visual Studio Solution File, Format Version 12.00
# Visual Studio Version 17
VisualStudioVersion = 17.3.32811.315
MinimumVisualStudioVersion = 10.0.40219.1
Project("{FAE04EC0-301F-11D3-BF4B-00C04F79EFBC}") = "AjaxGettingStarted", "AjaxGettingStarted\AjaxGettingStarted.csproj", "{55C39943-27D0-4C73-9C1B-DA606160D44E}"
EndProject
Global
	GlobalSection(SolutionConfigurationPlatforms) = preSolution
		Debug|Any CPU = Debug|Any CPU
		Release|Any CPU = Release|Any CPU
	EndGlobalSection
	GlobalSection(ProjectConfigurationPlatforms) = postSolution
		{55C39943-27D0-4C73-9C1B-DA606160D44E}.Debug|Any CPU.ActiveCfg = Debug|Any CPU
		{55C39943-27D0-4C73-9C1B-DA606160D44E}.Debug|Any CPU.Build.0 = Debug|Any CPU
		{55C39943-27D0-4C73-9C1B-DA606160D44E}.Release|Any CPU.ActiveCfg = Release|Any CPU
		{55C39943-27D0-4C73-9C1B-DA606160D44E}.Release|Any CPU.Build.0 = Release|Any CPU
	EndGlobalSection
	GlobalSection(SolutionProperties) = preSolution
		HideSolutionNode = FALSE
	EndGlobalSection
	GlobalSection(ExtensibilityGlobals) = postSolution
		SolutionGuid = {1E8DF90B-7FF1-46D2-AA8A-0CE4C9FA0E6E}
	EndGlobalSection
EndGlobal
