
Microsoft Visual Studio Solution File, Format Version 12.00
# Visual Studio Version 17
VisualStudioVersion = 17.3.32811.315
MinimumVisualStudioVersion = 10.0.40219.1
Project("{54A90642-561A-4BB1-A94E-469ADEE60C69}") = "reactweek", "reactweek\reactweek.esproj", "{F9860DEC-0916-485C-8015-30B458D0359C}"
EndProject
Global
	GlobalSection(SolutionConfigurationPlatforms) = preSolution
		Debug|Any CPU = Debug|Any CPU
		Release|Any CPU = Release|Any CPU
	EndGlobalSection
	GlobalSection(ProjectConfigurationPlatforms) = postSolution
		{F9860DEC-0916-485C-8015-30B458D0359C}.Debug|Any CPU.ActiveCfg = Debug|Any CPU
		{F9860DEC-0916-485C-8015-30B458D0359C}.Debug|Any CPU.Build.0 = Debug|Any CPU
		{F9860DEC-0916-485C-8015-30B458D0359C}.Debug|Any CPU.Deploy.0 = Debug|Any CPU
		{F9860DEC-0916-485C-8015-30B458D0359C}.Release|Any CPU.ActiveCfg = Release|Any CPU
		{F9860DEC-0916-485C-8015-30B458D0359C}.Release|Any CPU.Build.0 = Release|Any CPU
		{F9860DEC-0916-485C-8015-30B458D0359C}.Release|Any CPU.Deploy.0 = Release|Any CPU
	EndGlobalSection
	GlobalSection(SolutionProperties) = preSolution
		HideSolutionNode = FALSE
	EndGlobalSection
	GlobalSection(ExtensibilityGlobals) = postSolution
		SolutionGuid = {638E0D82-6328-4E2A-95AF-FC1606F29D2E}
	EndGlobalSection
EndGlobal
